
Microsoft Visual Studio Solution File, Format Version 12.00
# Visual Studio Version 16
VisualStudioVersion = 16.0.31729.503
MinimumVisualStudioVersion = 10.0.40219.1
Project("{FAE04EC0-301F-11D3-BF4B-00C04F79EFBC}") = "HalloPoly", "HalloPoly\HalloPoly.csproj", "{95DDC786-DAB5-43A8-826E-7FCDEF0277BF}"
EndProject
Global
	GlobalSection(SolutionConfigurationPlatforms) = preSolution
		Debug|Any CPU = Debug|Any CPU
		Release|Any CPU = Release|Any CPU
	EndGlobalSection
	GlobalSection(ProjectConfigurationPlatforms) = postSolution
		{95DDC786-DAB5-43A8-826E-7FCDEF0277BF}.Debug|Any CPU.ActiveCfg = Debug|Any CPU
		{95DDC786-DAB5-43A8-826E-7FCDEF0277BF}.Debug|Any CPU.Build.0 = Debug|Any CPU
		{95DDC786-DAB5-43A8-826E-7FCDEF0277BF}.Release|Any CPU.ActiveCfg = Release|Any CPU
		{95DDC786-DAB5-43A8-826E-7FCDEF0277BF}.Release|Any CPU.Build.0 = Release|Any CPU
	EndGlobalSection
	GlobalSection(SolutionProperties) = preSolution
		HideSolutionNode = FALSE
	EndGlobalSection
	GlobalSection(ExtensibilityGlobals) = postSolution
		SolutionGuid = {E991EBD7-ECD0-4EB7-A27D-AF5B50A2FD91}
	EndGlobalSection
EndGlobal
